{
  "lockfile_version": "1",
  "packages": {
    "github:NixOS/nixpkgs/nixpkgs-unstable": {
      "last_modified": "2026-02-15T17:45:47Z",
      "resolved": "github:NixOS/nixpkgs/ac055f38c798b0d87695240c7b761b82fc7e5bc2?lastModified=1771177547"
    },
    "go@1.26.0": {
      "last_modified": "2026-02-11T12:16:34Z",
      "resolved": "github:NixOS/nixpkgs/8482c7ded03bae7550f3d69884f1e611e3bd19e8#go_1_26",
      "source": "devbox-search",
      "version": "1.26.0",
      "systems": {
        "aarch64-darwin": {
          "outputs": [
            {
              "name": "out",
              "path": "/nix/store/sz1ry9vf187bzdvsalla73ycxwfjv3pq-go-1.26.0",
              "default": true
            }
          ],
          "store_path": "/nix/store/sz1ry9vf187bzdvsalla73ycxwfjv3pq-go-1.26.0"
        },
        "aarch64-linux": {
          "outputs": [
            {
              "name": "out",
              "path": "/nix/store/1wl6q7df9z3p8gambi2ndp5s5igr4h61-go-1.26.0",
              "default": true
            }
          ],
          "store_path": "/nix/store/1wl6q7df9z3p8gambi2ndp5s5igr4h61-go-1.26.0"
        },
        "x86_64-darwin": {
          "outputs": [
            {
              "name": "out",
              "path": "/nix/store/r5bwcb31acswg4nirdblmz1zzkci6bj3-go-1.26.0",
              "default": true
            }
          ],
          "store_path": "/nix/store/r5bwcb31acswg4nirdblmz1zzkci6bj3-go-1.26.0"
        },
        "x86_64-linux": {
          "outputs": [
            {
              "name": "out",
              "path": "/nix/store/kgwkx0l54snkkgzbmg8cw89i1g8v1dqw-go-1.26.0",
              "default": true
            }
          ],
          "store_path": "/nix/store/kgwkx0l54snkkgzbmg8cw89i1g8v1dqw-go-1.26.0"
        }
      }
    },
    "gofumpt@0.9.2": {
      "last_modified": "2026-01-23T17:20:52Z",
      "resolved": "github:NixOS/nixpkgs/a1bab9e494f5f4939442a57a58d0449a109593fe#gofumpt",
      "source": "devbox-search",
      "version": "0.9.2",
      "systems": {
        "aarch64-darwin": {
          "outputs": [
            {
              "name": "out",
              "path": "/nix/store/gqjdl6mk5g28n3zfz1k3k0lrnwj4xjqq-gofumpt-0.9.2",
              "default": true
            }
          ],
          "store_path": "/nix/store/gqjdl6mk5g28n3zfz1k3k0lrnwj4xjqq-gofumpt-0.9.2"
        },
        "aarch64-linux": {
          "outputs": [
            {
              "name": "out",
              "path": "/nix/store/74n1yp6myirvh9x7v1rp1np5pky21b8q-gofumpt-0.9.2",
              "default": true
            }
          ],
          "store_path": "/nix/store/74n1yp6myirvh9x7v1rp1np5pky21b8q-gofumpt-0.9.2"
        },
        "x86_64-darwin": {
          "outputs": [
            {
              "name": "out",
              "path": "/nix/store/mdip6614crazh6zfx66ad9cmw46dd3pc-gofumpt-0.9.2",
              "default": true
            }
          ],
          "store_path": "/nix/store/mdip6614crazh6zfx66ad9cmw46dd3pc-gofumpt-0.9.2"
        },
        "x86_64-linux": {
          "outputs": [
            {
              "name": "out",
              "path": "/nix/store/9zmph2pf0s3qmzqzwfki5x47fh7rip8g-gofumpt-0.9.2",
              "default": true
            }
          ],
          "store_path": "/nix/store/9zmph2pf0s3qmzqzwfki5x47fh7rip8g-gofumpt-0.9.2"
        }
      }
    },
    "golangci-lint@2.9.0": {
      "last_modified": "2026-02-11T21:01:36Z",
      "resolved": "github:NixOS/nixpkgs/2343bbb58f99267223bc2aac4fc9ea301a155a16#golangci-lint",
      "source": "devbox-search",
      "version": "2.9.0",
      "systems": {
        "aarch64-darwin": {
          "outputs": [
            {
              "name": "out",
              "path": "/nix/store/d58cy4knp90177kgyjw76qlgxwrmz39r-golangci-lint-2.9.0",
              "default": true
            }
          ],
          "store_path": "/nix/store/d58cy4knp90177kgyjw76qlgxwrmz39r-golangci-lint-2.9.0"
        },
        "aarch64-linux": {
          "outputs": [
            {
              "name": "out",
              "path": "/nix/store/0pmkfq41ay1hdz64lkvfqxyfd41ir1k6-golangci-lint-2.9.0",
              "default": true
            }
          ],
          "store_path": "/nix/store/0pmkfq41ay1hdz64lkvfqxyfd41ir1k6-golangci-lint-2.9.0"
        },
        "x86_64-darwin": {
          "outputs": [
            {
              "name": "out",
              "path": "/nix/store/c2aa1drrmj4ahhcg87nm2arlh9gv4s5y-golangci-lint-2.9.0",
              "default": true
            }
          ],
          "store_path": "/nix/store/c2aa1drrmj4ahhcg87nm2arlh9gv4s5y-golangci-lint-2.9.0"
        },
        "x86_64-linux": {
          "outputs": [
            {
              "name": "out",
              "path": "/nix/store/z4hziw97m0z1zlrn27pyk53s13czn1gi-golangci-lint-2.9.0",
              "default": true
            }
          ],
          "store_path": "/nix/store/z4hziw97m0z1zlrn27pyk53s13czn1gi-golangci-lint-2.9.0"
        }
      }
    },
    "golines@0.13.0": {
      "last_modified": "2026-01-23T17:20:52Z",
      "resolved": "github:NixOS/nixpkgs/a1bab9e494f5f4939442a57a58d0449a109593fe#golines",
      "source": "devbox-search",
      "version": "0.13.0",
      "systems": {
        "aarch64-darwin": {
          "outputs": [
            {
              "name": "out",
              "path": "/nix/store/b5k6lq5qwyavi43rz7rqpxs6vifr9hr9-golines-0.13.0",
              "default": true
            }
          ],
          "store_path": "/nix/store/b5k6lq5qwyavi43rz7rqpxs6vifr9hr9-golines-0.13.0"
        },
        "aarch64-linux": {
          "outputs": [
            {
              "name": "out",
              "path": "/nix/store/wsl16fbh0q69v7gi0bn8jwjfbki1h26g-golines-0.13.0",
              "default": true
            }
          ],
          "store_path": "/nix/store/wsl16fbh0q69v7gi0bn8jwjfbki1h26g-golines-0.13.0"
        },
        "x86_64-darwin": {
          "outputs": [
            {
              "name": "out",
              "path": "/nix/store/2581hdqby266s6x9s1pmrasarvxkwcv5-golines-0.13.0",
              "default": true
            }
          ],
          "store_path": "/nix/store/2581hdqby266s6x9s1pmrasarvxkwcv5-golines-0.13.0"
        },
        "x86_64-linux": {
          "outputs": [
            {
              "name": "out",
              "path": "/nix/store/h53g33cbs5hjwb0rn21n7qkpp0s1qzay-golines-0.13.0",
              "default": true
            }
          ],
          "store_path": "/nix/store/h53g33cbs5hjwb0rn21n7qkpp0s1qzay-golines-0.13.0"
        }
      }
    },
    "gopls@0.21.0": {
      "last_modified": "2026-02-11T12:16:34Z",
      "resolved": "github:NixOS/nixpkgs/8482c7ded03bae7550f3d69884f1e611e3bd19e8#gopls",
      "source": "devbox-search",
      "version": "0.21.0",
      "systems": {
        "aarch64-darwin": {
          "outputs": [
            {
              "name": "out",
              "path": "/nix/store/r9rq9yfm69lq3a3zkxwc7caw45yjp047-gopls-0.21.0",
              "default": true
            }
          ],
          "store_path": "/nix/store/r9rq9yfm69lq3a3zkxwc7caw45yjp047-gopls-0.21.0"
        },
        "aarch64-linux": {
          "outputs": [
            {
              "name": "out",
              "path": "/nix/store/f2a2k578an8crk77rdyjyg58ph6z1g55-gopls-0.21.0",
              "default": true
            }
          ],
          "store_path": "/nix/store/f2a2k578an8crk77rdyjyg58ph6z1g55-gopls-0.21.0"
        },
        "x86_64-darwin": {
          "outputs": [
            {
              "name": "out",
              "path": "/nix/store/4ax1sginr74apw9m143f5pffgn8p8586-gopls-0.21.0",
              "default": true
            }
          ],
          "store_path": "/nix/store/4ax1sginr74apw9m143f5pffgn8p8586-gopls-0.21.0"
        },
        "x86_64-linux": {
          "outputs": [
            {
              "name": "out",
              "path": "/nix/store/1mvn1dcvx2bck46s5nxz5r19lzx1xs24-gopls-0.21.0",
              "default": true
            }
          ],
          "store_path": "/nix/store/1mvn1dcvx2bck46s5nxz5r19lzx1xs24-gopls-0.21.0"
        }
      }
    },
    "gotools@0.34.0": {
      "last_modified": "2026-01-23T17:20:52Z",
      "resolved": "github:NixOS/nixpkgs/a1bab9e494f5f4939442a57a58d0449a109593fe#gotools",
      "source": "devbox-search",
      "version": "0.34.0",
      "systems": {
        "aarch64-darwin": {
          "outputs": [
            {
              "name": "out",
              "path": "/nix/store/761ks7ln963qngb4yhgayhghkkcf9jd0-gotools-0.34.0",
              "default": true
            }
          ],
          "store_path": "/nix/store/761ks7ln963qngb4yhgayhghkkcf9jd0-gotools-0.34.0"
        },
        "aarch64-linux": {
          "outputs": [
            {
              "name": "out",
              "path": "/nix/store/6yvsxlg8fhqkbhyi07xkyz3r2nwjdylp-gotools-0.34.0",
              "default": true
            }
          ],
          "store_path": "/nix/store/6yvsxlg8fhqkbhyi07xkyz3r2nwjdylp-gotools-0.34.0"
        },
        "x86_64-darwin": {
          "outputs": [
            {
              "name": "out",
              "path": "/nix/store/wynk07lncc3dlsmv8yjx9shawy8giyq0-gotools-0.34.0",
              "default": true
            }
          ],
          "store_path": "/nix/store/wynk07lncc3dlsmv8yjx9shawy8giyq0-gotools-0.34.0"
        },
        "x86_64-linux": {
          "outputs": [
            {
              "name": "out",
              "path": "/nix/store/vx2zjwxh99hlnq98j3mz6zvjn797gazm-gotools-0.34.0",
              "default": true
            }
          ],
          "store_path": "/nix/store/vx2zjwxh99hlnq98j3mz6zvjn797gazm-gotools-0.34.0"
        }
      }
    },
    "just-lsp@0.3.3": {
      "last_modified": "2026-02-11T03:47:03Z",
      "resolved": "github:NixOS/nixpkgs/c05d2232d2feaa4c7a07f1168606917402868195#just-lsp",
      "source": "devbox-search",
      "version": "0.3.3",
      "systems": {
        "aarch64-darwin": {
          "outputs": [
            {
              "name": "out",
              "path": "/nix/store/7mip16vq7kwabh8nh7dyzj2nxp9fd5s0-just-lsp-0.3.3",
              "default": true
            }
          ],
          "store_path": "/nix/store/7mip16vq7kwabh8nh7dyzj2nxp9fd5s0-just-lsp-0.3.3"
        },
        "aarch64-linux": {
          "outputs": [
            {
              "name": "out",
              "path": "/nix/store/r7047nis7nrjn1jg5jy02vlapav40i1q-just-lsp-0.3.3",
              "default": true
            }
          ],
          "store_path": "/nix/store/r7047nis7nrjn1jg5jy02vlapav40i1q-just-lsp-0.3.3"
        },
        "x86_64-darwin": {
          "outputs": [
            {
              "name": "out",
              "path": "/nix/store/arfni07wa6xkwc8f6ccc5z78ycsh2pdp-just-lsp-0.3.3",
              "default": true
            }
          ],
          "store_path": "/nix/store/arfni07wa6xkwc8f6ccc5z78ycsh2pdp-just-lsp-0.3.3"
        },
        "x86_64-linux": {
          "outputs": [
            {
              "name": "out",
              "path": "/nix/store/24fhd325bsyrq906slw9a7yrddvqy4r5-just-lsp-0.3.3",
              "default": true
            }
          ],
          "store_path": "/nix/store/24fhd325bsyrq906slw9a7yrddvqy4r5-just-lsp-0.3.3"
        }
      }
    },
    "just@1.46.0": {
      "last_modified": "2026-01-23T17:20:52Z",
      "resolved": "github:NixOS/nixpkgs/a1bab9e494f5f4939442a57a58d0449a109593fe#just",
      "source": "devbox-search",
      "version": "1.46.0",
      "systems": {
        "aarch64-darwin": {
          "outputs": [
            {
              "name": "out",
              "path": "/nix/store/kms72z6m9ny9xc8jran5xapikqsbhm5q-just-1.46.0",
              "default": true
            },
            {
              "name": "man",
              "path": "/nix/store/faqgfslw33szczc60xvbsddag1vpm6qg-just-1.46.0-man",
              "default": true
            },
            {
              "name": "doc",
              "path": "/nix/store/db99chhg7z1p8x4kqsnf4hna33yab8jd-just-1.46.0-doc"
            }
          ],
          "store_path": "/nix/store/kms72z6m9ny9xc8jran5xapikqsbhm5q-just-1.46.0"
        },
        "aarch64-linux": {
          "outputs": [
            {
              "name": "out",
              "path": "/nix/store/84hs79g4rgwpd8vpvrsnibmfh2qk08fq-just-1.46.0",
              "default": true
            },
            {
              "name": "man",
              "path": "/nix/store/jcrjba1fjd86vdbh8iwj37cbw0ngn26v-just-1.46.0-man",
              "default": true
            },
            {
              "name": "doc",
              "path": "/nix/store/x29kkagia2b2hw20qj0m5r256cvi3fk7-just-1.46.0-doc"
            }
          ],
          "store_path": "/nix/store/84hs79g4rgwpd8vpvrsnibmfh2qk08fq-just-1.46.0"
        },
        "x86_64-darwin": {
          "outputs": [
            {
              "name": "out",
              "path": "/nix/store/dj01bb0rk1czx6wdymfswh4as56xsbkw-just-1.46.0",
              "default": true
            },
            {
              "name": "man",
              "path": "/nix/store/svaa8vdlzdgbm5plfk3bvyawnvkj7x36-just-1.46.0-man",
              "default": true
            },
            {
              "name": "doc",
              "path": "/nix/store/40bl31lv2wy1p7yfafzzh1wip3pc0iga-just-1.46.0-doc"
            }
          ],
          "store_path": "/nix/store/dj01bb0rk1czx6wdymfswh4as56xsbkw-just-1.46.0"
        },
        "x86_64-linux": {
          "outputs": [
            {
              "name": "out",
              "path": "/nix/store/n4g7fjn0b4m0rfjaqw2y4czvz6za1iwr-just-1.46.0",
              "default": true
            },
            {
              "name": "man",
              "path": "/nix/store/7cjc376r94pkwnlcvaqrna8k8q2spvkc-just-1.46.0-man",
              "default": true
            },
            {
              "name": "doc",
              "path": "/nix/store/db447q0xh3xdhaz8b8mc6k02sl2ckgdc-just-1.46.0-doc"
            }
          ],
          "store_path": "/nix/store/n4g7fjn0b4m0rfjaqw2y4czvz6za1iwr-just-1.46.0"
        }
      }
    },
    "nixd@2.9.0": {
      "last_modified": "2026-02-08T07:51:33Z",
      "resolved": "github:NixOS/nixpkgs/fef9403a3e4d31b0a23f0bacebbec52c248fbb51#nixd",
      "source": "devbox-search",
      "version": "2.9.0",
      "systems": {
        "aarch64-darwin": {
          "outputs": [
            {
              "name": "out",
              "path": "/nix/store/ahhijjp56sc9waqaigvkiis9lljfl9pc-nixd-2.9.0",
              "default": true
            }
          ],
          "store_path": "/nix/store/ahhijjp56sc9waqaigvkiis9lljfl9pc-nixd-2.9.0"
        },
        "aarch64-linux": {
          "outputs": [
            {
              "name": "out",
              "path": "/nix/store/mmwvz8s3fi2ac2px22bb43616242hym7-nixd-2.9.0",
              "default": true
            }
          ],
          "store_path": "/nix/store/mmwvz8s3fi2ac2px22bb43616242hym7-nixd-2.9.0"
        },
        "x86_64-darwin": {
          "outputs": [
            {
              "name": "out",
              "path": "/nix/store/kvhgb3f74rg06bgi3cwkvi4h5wk4xdks-nixd-2.9.0",
              "default": true
            }
          ],
          "store_path": "/nix/store/kvhgb3f74rg06bgi3cwkvi4h5wk4xdks-nixd-2.9.0"
        },
        "x86_64-linux": {
          "outputs": [
            {
              "name": "out",
              "path": "/nix/store/10vbpksbfhzhcak7wxdb85i7v4x17hc3-nixd-2.9.0",
              "default": true
            }
          ],
          "store_path": "/nix/store/10vbpksbfhzhcak7wxdb85i7v4x17hc3-nixd-2.9.0"
        }
      }
    },
    "nixfmt@1.2.0": {
      "last_modified": "2026-01-23T17:20:52Z",
      "resolved": "github:NixOS/nixpkgs/a1bab9e494f5f4939442a57a58d0449a109593fe#nixfmt",
      "source": "devbox-search",
      "version": "1.2.0",
      "systems": {
        "aarch64-darwin": {
          "outputs": [
            {
              "name": "out",
              "path": "/nix/store/lvb2z93xn3m0m2hw0w6cc0c3bsl2s8pp-nixfmt-1.2.0",
              "default": true
            }
          ],
          "store_path": "/nix/store/lvb2z93xn3m0m2hw0w6cc0c3bsl2s8pp-nixfmt-1.2.0"
        },
        "aarch64-linux": {
          "outputs": [
            {
              "name": "out",
              "path": "/nix/store/0qdx7ah7b1dwyxa03fblhcdjnpi29q25-nixfmt-1.2.0",
              "default": true
            }
          ],
          "store_path": "/nix/store/0qdx7ah7b1dwyxa03fblhcdjnpi29q25-nixfmt-1.2.0"
        },
        "x86_64-darwin": {
          "outputs": [
            {
              "name": "out",
              "path": "/nix/store/jicz2kx49mqif3hkl1m2wbwvx2lg457l-nixfmt-1.2.0",
              "default": true
            }
          ],
          "store_path": "/nix/store/jicz2kx49mqif3hkl1m2wbwvx2lg457l-nixfmt-1.2.0"
        },
        "x86_64-linux": {
          "outputs": [
            {
              "name": "out",
              "path": "/nix/store/b5m1h822ln0s493r30sgns77618ws59n-nixfmt-1.2.0",
              "default": true
            }
          ],
          "store_path": "/nix/store/b5m1h822ln0s493r30sgns77618ws59n-nixfmt-1.2.0"
        }
      }
    }
  }
}
