{
  "lockfile_version": "1",
  "packages": {
    "github:NixOS/nixpkgs/nixpkgs-unstable": {
      "last_modified": "2025-12-01T17:53:29Z",
      "resolved": "github:NixOS/nixpkgs/8c29968b3a942f2903f90797f9623737c215737c?lastModified=1764611609"
    },
    "go@1.25.5": {
      "last_modified": "2026-01-23T17:20:52Z",
      "resolved": "github:NixOS/nixpkgs/a1bab9e494f5f4939442a57a58d0449a109593fe#go",
      "source": "devbox-search",
      "version": "1.25.5",
      "systems": {
        "aarch64-darwin": {
          "outputs": [
            {
              "name": "out",
              "path": "/nix/store/wh88zz6r1ihcp2mm7ys1f2anp8aga6n2-go-1.25.5",
              "default": true
            }
          ],
          "store_path": "/nix/store/wh88zz6r1ihcp2mm7ys1f2anp8aga6n2-go-1.25.5"
        },
        "aarch64-linux": {
          "outputs": [
            {
              "name": "out",
              "path": "/nix/store/k3knzdi0v21bf2m7vcxpdy1jnqg1h0zk-go-1.25.5",
              "default": true
            }
          ],
          "store_path": "/nix/store/k3knzdi0v21bf2m7vcxpdy1jnqg1h0zk-go-1.25.5"
        },
        "x86_64-darwin": {
          "outputs": [
            {
              "name": "out",
              "path": "/nix/store/bwdahzajhqd5x14dbvkqww5f1wpsxif3-go-1.25.5",
              "default": true
            }
          ],
          "store_path": "/nix/store/bwdahzajhqd5x14dbvkqww5f1wpsxif3-go-1.25.5"
        },
        "x86_64-linux": {
          "outputs": [
            {
              "name": "out",
              "path": "/nix/store/zzvsjgylnphvhms3lgr2qlwdxmc68z66-go-1.25.5",
              "default": true
            }
          ],
          "store_path": "/nix/store/zzvsjgylnphvhms3lgr2qlwdxmc68z66-go-1.25.5"
        }
      }
    },
    "gofumpt@0.9.2": {
      "last_modified": "2025-11-23T21:50:36Z",
      "resolved": "github:NixOS/nixpkgs/ee09932cedcef15aaf476f9343d1dea2cb77e261#gofumpt",
      "source": "devbox-search",
      "version": "0.9.2",
      "systems": {
        "aarch64-darwin": {
          "outputs": [
            {
              "name": "out",
              "path": "/nix/store/dwm21ybal5w5nikyab08ydxzj0bm8mr2-gofumpt-0.9.2",
              "default": true
            }
          ],
          "store_path": "/nix/store/dwm21ybal5w5nikyab08ydxzj0bm8mr2-gofumpt-0.9.2"
        },
        "aarch64-linux": {
          "outputs": [
            {
              "name": "out",
              "path": "/nix/store/5424llc6cff09w8y4dmvxvw0rgjv3xva-gofumpt-0.9.2",
              "default": true
            }
          ],
          "store_path": "/nix/store/5424llc6cff09w8y4dmvxvw0rgjv3xva-gofumpt-0.9.2"
        },
        "x86_64-darwin": {
          "outputs": [
            {
              "name": "out",
              "path": "/nix/store/f0vkbh4clljwgi1fwxfn35gsk5dm0p19-gofumpt-0.9.2",
              "default": true
            }
          ],
          "store_path": "/nix/store/f0vkbh4clljwgi1fwxfn35gsk5dm0p19-gofumpt-0.9.2"
        },
        "x86_64-linux": {
          "outputs": [
            {
              "name": "out",
              "path": "/nix/store/72vdclcx97wfji160mk561b53qj70jpq-gofumpt-0.9.2",
              "default": true
            }
          ],
          "store_path": "/nix/store/72vdclcx97wfji160mk561b53qj70jpq-gofumpt-0.9.2"
        }
      }
    },
    "golangci-lint@2.8.0": {
      "last_modified": "2026-01-23T17:20:52Z",
      "resolved": "github:NixOS/nixpkgs/a1bab9e494f5f4939442a57a58d0449a109593fe#golangci-lint",
      "source": "devbox-search",
      "version": "2.8.0",
      "systems": {
        "aarch64-darwin": {
          "outputs": [
            {
              "name": "out",
              "path": "/nix/store/ci7qq9jsgk0v1f0pzs7kb0v9rk5zwyck-golangci-lint-2.8.0",
              "default": true
            }
          ],
          "store_path": "/nix/store/ci7qq9jsgk0v1f0pzs7kb0v9rk5zwyck-golangci-lint-2.8.0"
        },
        "aarch64-linux": {
          "outputs": [
            {
              "name": "out",
              "path": "/nix/store/ly2sk4i2qj8gfb0l7m5sxvyv7c8rn273-golangci-lint-2.8.0",
              "default": true
            }
          ],
          "store_path": "/nix/store/ly2sk4i2qj8gfb0l7m5sxvyv7c8rn273-golangci-lint-2.8.0"
        },
        "x86_64-darwin": {
          "outputs": [
            {
              "name": "out",
              "path": "/nix/store/r1m8175dhby0agi1r43ic2scrphsjnlb-golangci-lint-2.8.0",
              "default": true
            }
          ],
          "store_path": "/nix/store/r1m8175dhby0agi1r43ic2scrphsjnlb-golangci-lint-2.8.0"
        },
        "x86_64-linux": {
          "outputs": [
            {
              "name": "out",
              "path": "/nix/store/kj9ibnlg1p3macpcw8lm4rhpcwgfjal1-golangci-lint-2.8.0",
              "default": true
            }
          ],
          "store_path": "/nix/store/kj9ibnlg1p3macpcw8lm4rhpcwgfjal1-golangci-lint-2.8.0"
        }
      }
    },
    "golines@0.13.0": {
      "last_modified": "2025-11-23T21:50:36Z",
      "resolved": "github:NixOS/nixpkgs/ee09932cedcef15aaf476f9343d1dea2cb77e261#golines",
      "source": "devbox-search",
      "version": "0.13.0",
      "systems": {
        "aarch64-darwin": {
          "outputs": [
            {
              "name": "out",
              "path": "/nix/store/7fpkw5lzka434i5pdg8pyjd10pif97gn-golines-0.13.0",
              "default": true
            }
          ],
          "store_path": "/nix/store/7fpkw5lzka434i5pdg8pyjd10pif97gn-golines-0.13.0"
        },
        "aarch64-linux": {
          "outputs": [
            {
              "name": "out",
              "path": "/nix/store/fjc66q1r7jsaamjmmsw4bxqxxmq5q6p3-golines-0.13.0",
              "default": true
            }
          ],
          "store_path": "/nix/store/fjc66q1r7jsaamjmmsw4bxqxxmq5q6p3-golines-0.13.0"
        },
        "x86_64-darwin": {
          "outputs": [
            {
              "name": "out",
              "path": "/nix/store/l5045c3pbanvldpjmgh55cacbcknp1d3-golines-0.13.0",
              "default": true
            }
          ],
          "store_path": "/nix/store/l5045c3pbanvldpjmgh55cacbcknp1d3-golines-0.13.0"
        },
        "x86_64-linux": {
          "outputs": [
            {
              "name": "out",
              "path": "/nix/store/n10lgpk9nxkplhzwa6gn2ndc5w6pap5g-golines-0.13.0",
              "default": true
            }
          ],
          "store_path": "/nix/store/n10lgpk9nxkplhzwa6gn2ndc5w6pap5g-golines-0.13.0"
        }
      }
    },
    "gopls@0.21.0": {
      "last_modified": "2026-01-23T17:20:52Z",
      "resolved": "github:NixOS/nixpkgs/a1bab9e494f5f4939442a57a58d0449a109593fe#gopls",
      "source": "devbox-search",
      "version": "0.21.0",
      "systems": {
        "aarch64-darwin": {
          "outputs": [
            {
              "name": "out",
              "path": "/nix/store/6v1b50zvb6jw5dji6a48l3di2gf52dqm-gopls-0.21.0",
              "default": true
            }
          ],
          "store_path": "/nix/store/6v1b50zvb6jw5dji6a48l3di2gf52dqm-gopls-0.21.0"
        },
        "aarch64-linux": {
          "outputs": [
            {
              "name": "out",
              "path": "/nix/store/qkzgz3l3yv3m409rjswffmkjx615ivsz-gopls-0.21.0",
              "default": true
            }
          ],
          "store_path": "/nix/store/qkzgz3l3yv3m409rjswffmkjx615ivsz-gopls-0.21.0"
        },
        "x86_64-darwin": {
          "outputs": [
            {
              "name": "out",
              "path": "/nix/store/h0m9cqbzvzcnrbz0l87r2jm60fkwy4qq-gopls-0.21.0",
              "default": true
            }
          ],
          "store_path": "/nix/store/h0m9cqbzvzcnrbz0l87r2jm60fkwy4qq-gopls-0.21.0"
        },
        "x86_64-linux": {
          "outputs": [
            {
              "name": "out",
              "path": "/nix/store/3bfgzysvkjwf4rdpbnn4jb4ly21m1khd-gopls-0.21.0",
              "default": true
            }
          ],
          "store_path": "/nix/store/3bfgzysvkjwf4rdpbnn4jb4ly21m1khd-gopls-0.21.0"
        }
      }
    },
    "gotools@0.34.0": {
      "last_modified": "2025-11-23T21:50:36Z",
      "resolved": "github:NixOS/nixpkgs/ee09932cedcef15aaf476f9343d1dea2cb77e261#gotools",
      "source": "devbox-search",
      "version": "0.34.0",
      "systems": {
        "aarch64-darwin": {
          "outputs": [
            {
              "name": "out",
              "path": "/nix/store/ck8mw7cf9a6bgpy08kaldkl75fgr4prx-gotools-0.34.0",
              "default": true
            }
          ],
          "store_path": "/nix/store/ck8mw7cf9a6bgpy08kaldkl75fgr4prx-gotools-0.34.0"
        },
        "aarch64-linux": {
          "outputs": [
            {
              "name": "out",
              "path": "/nix/store/3wrm0a3drqqh9frj54znj31iga7zlb9c-gotools-0.34.0",
              "default": true
            }
          ],
          "store_path": "/nix/store/3wrm0a3drqqh9frj54znj31iga7zlb9c-gotools-0.34.0"
        },
        "x86_64-darwin": {
          "outputs": [
            {
              "name": "out",
              "path": "/nix/store/q51ykjcspv5kvm7lj9llavixjic7ncdz-gotools-0.34.0",
              "default": true
            }
          ],
          "store_path": "/nix/store/q51ykjcspv5kvm7lj9llavixjic7ncdz-gotools-0.34.0"
        },
        "x86_64-linux": {
          "outputs": [
            {
              "name": "out",
              "path": "/nix/store/p780alfnvfqvn3386xwl1vf0qp9y65wa-gotools-0.34.0",
              "default": true
            }
          ],
          "store_path": "/nix/store/p780alfnvfqvn3386xwl1vf0qp9y65wa-gotools-0.34.0"
        }
      }
    },
    "just-lsp@0.3.2": {
      "last_modified": "2026-01-23T17:20:52Z",
      "resolved": "github:NixOS/nixpkgs/a1bab9e494f5f4939442a57a58d0449a109593fe#just-lsp",
      "source": "devbox-search",
      "version": "0.3.2",
      "systems": {
        "aarch64-darwin": {
          "outputs": [
            {
              "name": "out",
              "path": "/nix/store/9zvnajikdll286dlq4yqq7r6q8v9xsx6-just-lsp-0.3.2",
              "default": true
            }
          ],
          "store_path": "/nix/store/9zvnajikdll286dlq4yqq7r6q8v9xsx6-just-lsp-0.3.2"
        },
        "aarch64-linux": {
          "outputs": [
            {
              "name": "out",
              "path": "/nix/store/ssqz6kchv257lw5cxxxjx8myzyydbmg5-just-lsp-0.3.2",
              "default": true
            }
          ],
          "store_path": "/nix/store/ssqz6kchv257lw5cxxxjx8myzyydbmg5-just-lsp-0.3.2"
        },
        "x86_64-darwin": {
          "outputs": [
            {
              "name": "out",
              "path": "/nix/store/gjvi51alg59b6ygbmyh68irpxambfdiz-just-lsp-0.3.2",
              "default": true
            }
          ],
          "store_path": "/nix/store/gjvi51alg59b6ygbmyh68irpxambfdiz-just-lsp-0.3.2"
        },
        "x86_64-linux": {
          "outputs": [
            {
              "name": "out",
              "path": "/nix/store/pcjfmaxh1m4wqmjbimkk2bdv67v6mwma-just-lsp-0.3.2",
              "default": true
            }
          ],
          "store_path": "/nix/store/pcjfmaxh1m4wqmjbimkk2bdv67v6mwma-just-lsp-0.3.2"
        }
      }
    },
    "just@1.46.0": {
      "last_modified": "2026-01-23T17:20:52Z",
      "resolved": "github:NixOS/nixpkgs/a1bab9e494f5f4939442a57a58d0449a109593fe#just",
      "source": "devbox-search",
      "version": "1.46.0",
      "systems": {
        "aarch64-darwin": {
          "outputs": [
            {
              "name": "out",
              "path": "/nix/store/kms72z6m9ny9xc8jran5xapikqsbhm5q-just-1.46.0",
              "default": true
            },
            {
              "name": "man",
              "path": "/nix/store/faqgfslw33szczc60xvbsddag1vpm6qg-just-1.46.0-man",
              "default": true
            },
            {
              "name": "doc",
              "path": "/nix/store/db99chhg7z1p8x4kqsnf4hna33yab8jd-just-1.46.0-doc"
            }
          ],
          "store_path": "/nix/store/kms72z6m9ny9xc8jran5xapikqsbhm5q-just-1.46.0"
        },
        "aarch64-linux": {
          "outputs": [
            {
              "name": "out",
              "path": "/nix/store/84hs79g4rgwpd8vpvrsnibmfh2qk08fq-just-1.46.0",
              "default": true
            },
            {
              "name": "man",
              "path": "/nix/store/jcrjba1fjd86vdbh8iwj37cbw0ngn26v-just-1.46.0-man",
              "default": true
            },
            {
              "name": "doc",
              "path": "/nix/store/x29kkagia2b2hw20qj0m5r256cvi3fk7-just-1.46.0-doc"
            }
          ],
          "store_path": "/nix/store/84hs79g4rgwpd8vpvrsnibmfh2qk08fq-just-1.46.0"
        },
        "x86_64-darwin": {
          "outputs": [
            {
              "name": "out",
              "path": "/nix/store/dj01bb0rk1czx6wdymfswh4as56xsbkw-just-1.46.0",
              "default": true
            },
            {
              "name": "man",
              "path": "/nix/store/svaa8vdlzdgbm5plfk3bvyawnvkj7x36-just-1.46.0-man",
              "default": true
            },
            {
              "name": "doc",
              "path": "/nix/store/40bl31lv2wy1p7yfafzzh1wip3pc0iga-just-1.46.0-doc"
            }
          ],
          "store_path": "/nix/store/dj01bb0rk1czx6wdymfswh4as56xsbkw-just-1.46.0"
        },
        "x86_64-linux": {
          "outputs": [
            {
              "name": "out",
              "path": "/nix/store/n4g7fjn0b4m0rfjaqw2y4czvz6za1iwr-just-1.46.0",
              "default": true
            },
            {
              "name": "man",
              "path": "/nix/store/7cjc376r94pkwnlcvaqrna8k8q2spvkc-just-1.46.0-man",
              "default": true
            },
            {
              "name": "doc",
              "path": "/nix/store/db447q0xh3xdhaz8b8mc6k02sl2ckgdc-just-1.46.0-doc"
            }
          ],
          "store_path": "/nix/store/n4g7fjn0b4m0rfjaqw2y4czvz6za1iwr-just-1.46.0"
        }
      }
    },
    "nixd@2.8.2": {
      "last_modified": "2026-01-13T11:13:53Z",
      "resolved": "github:NixOS/nixpkgs/61db79b0c6b838d9894923920b612048e1201926#nixd",
      "source": "devbox-search",
      "version": "2.8.2",
      "systems": {
        "aarch64-darwin": {
          "outputs": [
            {
              "name": "out",
              "path": "/nix/store/0nxc7fg7ad07fjgbai9d5d3ak7izwsra-nixd-2.8.2",
              "default": true
            }
          ],
          "store_path": "/nix/store/0nxc7fg7ad07fjgbai9d5d3ak7izwsra-nixd-2.8.2"
        },
        "aarch64-linux": {
          "outputs": [
            {
              "name": "out",
              "path": "/nix/store/5rsq623zhphw8kxw3qp0anjy6yzv345p-nixd-2.8.2",
              "default": true
            }
          ],
          "store_path": "/nix/store/5rsq623zhphw8kxw3qp0anjy6yzv345p-nixd-2.8.2"
        },
        "x86_64-darwin": {
          "outputs": [
            {
              "name": "out",
              "path": "/nix/store/zswvlxsa4p6j1h1dg7gl0ax720ylcbvw-nixd-2.8.2",
              "default": true
            }
          ],
          "store_path": "/nix/store/zswvlxsa4p6j1h1dg7gl0ax720ylcbvw-nixd-2.8.2"
        },
        "x86_64-linux": {
          "outputs": [
            {
              "name": "out",
              "path": "/nix/store/vixa166jvi2wdyf33ybhi6nfnwx1xvzs-nixd-2.8.2",
              "default": true
            }
          ],
          "store_path": "/nix/store/vixa166jvi2wdyf33ybhi6nfnwx1xvzs-nixd-2.8.2"
        }
      }
    },
    "nixfmt@1.2.0": {
      "last_modified": "2026-01-09T13:41:53Z",
      "resolved": "github:NixOS/nixpkgs/5f02c91314c8ba4afe83b256b023756412218535#nixfmt",
      "source": "devbox-search",
      "version": "1.2.0",
      "systems": {
        "aarch64-darwin": {
          "outputs": [
            {
              "name": "out",
              "path": "/nix/store/4jzq73b6bax62245z5a5ag8xdazfw4fg-nixfmt-1.2.0",
              "default": true
            }
          ],
          "store_path": "/nix/store/4jzq73b6bax62245z5a5ag8xdazfw4fg-nixfmt-1.2.0"
        },
        "aarch64-linux": {
          "outputs": [
            {
              "name": "out",
              "path": "/nix/store/as7f2yrlqgv130vdiw2xi7rhlgd1yk8v-nixfmt-1.2.0",
              "default": true
            }
          ],
          "store_path": "/nix/store/as7f2yrlqgv130vdiw2xi7rhlgd1yk8v-nixfmt-1.2.0"
        },
        "x86_64-darwin": {
          "outputs": [
            {
              "name": "out",
              "path": "/nix/store/qmas80hmzqbm7n5h9is2im9gjzxsl04a-nixfmt-1.2.0",
              "default": true
            }
          ],
          "store_path": "/nix/store/qmas80hmzqbm7n5h9is2im9gjzxsl04a-nixfmt-1.2.0"
        },
        "x86_64-linux": {
          "outputs": [
            {
              "name": "out",
              "path": "/nix/store/yx338k689yp9hpnl6h5y22f7vbmi5pky-nixfmt-1.2.0",
              "default": true
            }
          ],
          "store_path": "/nix/store/yx338k689yp9hpnl6h5y22f7vbmi5pky-nixfmt-1.2.0"
        }
      }
    }
  }
}
