# Written by oku. Commit this file, and change it with oku commands only.

include = []

[[package]]
name = 'clang-format'
ref = './.oku/clang-format.toml'
manifest_sha256 = '8fc2a33bd09fa775de54061ca4f03ec45a07bbcc3c2e8c38ac46d0bf176b72bb'
version = '21.1.8'

[package.platform]
[package.platform.darwin-arm64]
strategy = 'artifact'
url = 'https://files.pythonhosted.org/packages/84/38/a61466227a8a6bf22c583f7bd810e75c9a356cfc63c6a712a201103a4ad3/clang_format-21.1.8-py2.py3-none-macosx_11_0_arm64.whl'
sha256 = '9a78fabba6b382866819b42a7b220d235a3baf6128a40fb7bd590c037f69879b'

[package.platform.linux-arm64-glibc]
strategy = 'artifact'
url = 'https://files.pythonhosted.org/packages/ab/5d/6720c895c5cfc01831fac55ecf849f10d03d6222700909af14f6047c933b/clang_format-21.1.8-py2.py3-none-manylinux_2_26_aarch64.manylinux_2_28_aarch64.whl'
sha256 = 'c2a044953efab5f7d0261f3a76aabc01358592faac1b73af38d8c83db6e91a69'

[[package]]
name = 'clang-tidy'
ref = './.oku/clang-tidy.toml'
manifest_sha256 = 'fa50b15625e479b72bc62283fcfc69a7cd5376f04c33628af2a248f8e8e8c1be'
version = '21.1.6'

[package.platform]
[package.platform.darwin-arm64]
strategy = 'artifact'
url = 'https://files.pythonhosted.org/packages/ca/ad/cd1f262bd51376920af406cc3721416f7c303d7eec0ae39218d1a6aa9b45/clang_tidy-21.1.6-py2.py3-none-macosx_11_0_arm64.whl'
sha256 = '12634548feceb2bce89b65d94550f1b92359ebc19c35cf72b93855cd18845ef9'

[package.platform.linux-arm64-glibc]
strategy = 'artifact'
url = 'https://files.pythonhosted.org/packages/e0/88/494022a892bd121f01c55d32e754867a8d6bbe7640975389be5792a55636/clang_tidy-21.1.6-py2.py3-none-manylinux_2_27_aarch64.manylinux_2_28_aarch64.whl'
sha256 = 'd954cc13d87aa6ba847eac4d26bec019024c54c2968389444eed6d4201ec45e6'

[[package]]
name = 'go'
ref = './.oku/go.toml'
manifest_sha256 = '850dfc0af428be9b5da144c08de9d6c247b2bd41a401c160d99a076a8ce62691'
version = '1.26.6'
tag = 'go1.26.6'

[package.platform]
[package.platform.darwin-arm64]
strategy = 'artifact'
url = 'https://dl.google.com/go/go1.26.6.darwin-arm64.tar.gz'
sha256 = '2dc95ce4675829f2df0e86b28bcef3283635902062a5f0580ca659bf570f3204'

[package.platform.linux-arm64-glibc]
strategy = 'artifact'
url = 'https://dl.google.com/go/go1.26.6.linux-arm64.tar.gz'
sha256 = 'd0507e9e9d7fe012aae570108cbd76c15de879e17130ab8cb90d4d7445cb1f2e'

[[package]]
name = 'gofumpt'
ref = 'github:mvdan/gofumpt'
commit = '3e07e7e70ac93761d8e79ca0083a19e3d59f753d'
manifest_sha256 = 'd59a925191cd2b5c4b62e0ad97d0eaec628a2f9c1f19edeb79225c47d8037ac2'
version = '0.11.0'
tag = 'v0.11.0'
inferred = true
manifest = "[package]\nname = \"gofumpt\"\nhomepage = \"https://github.com/mvdan/gofumpt\"\n\n[version]\nfrom = \"github-releases\"\nrepo = \"mvdan/gofumpt\"\nstrip_prefix = \"v\"\n\n[[artifact]]\nmatch = { os = \"linux\", arch = \"amd64\" }\nurl = \"https://github.com/mvdan/gofumpt/releases/download/{{tag}}/gofumpt_{{tag}}_linux_amd64\"\nbin = [\"gofumpt\"]\n\n[[artifact]]\nmatch = { os = \"darwin\", arch = \"amd64\" }\nurl = \"https://github.com/mvdan/gofumpt/releases/download/{{tag}}/gofumpt_{{tag}}_darwin_amd64\"\nbin = [\"gofumpt\"]\n\n[[artifact]]\nmatch = { os = \"windows\", arch = \"amd64\" }\nurl = \"https://github.com/mvdan/gofumpt/releases/download/{{tag}}/gofumpt_{{tag}}_windows_amd64.exe\"\nbin = [\"gofumpt.exe\"]\n\n[[artifact]]\nmatch = { os = \"linux\", arch = \"arm64\" }\nurl = \"https://github.com/mvdan/gofumpt/releases/download/{{tag}}/gofumpt_{{tag}}_linux_arm64\"\nbin = [\"gofumpt\"]\n\n[[artifact]]\nmatch = { os = \"darwin\", arch = \"arm64\" }\nurl = \"https://github.com/mvdan/gofumpt/releases/download/{{tag}}/gofumpt_{{tag}}_darwin_arm64\"\nbin = [\"gofumpt\"]\n\n[[artifact]]\nmatch = { os = \"linux\", arch = \"386\" }\nurl = \"https://github.com/mvdan/gofumpt/releases/download/{{tag}}/gofumpt_{{tag}}_linux_386\"\nbin = [\"gofumpt\"]\n\n[[artifact]]\nmatch = { os = \"windows\", arch = \"386\" }\nurl = \"https://github.com/mvdan/gofumpt/releases/download/{{tag}}/gofumpt_{{tag}}_windows_386.exe\"\nbin = [\"gofumpt.exe\"]\n\n[[artifact]]\nmatch = { os = \"linux\", arch = \"arm\" }\nurl = \"https://github.com/mvdan/gofumpt/releases/download/{{tag}}/gofumpt_{{tag}}_linux_arm\"\nbin = [\"gofumpt\"]\n"

[package.platform]
[package.platform.darwin-arm64]
strategy = 'artifact'
url = 'https://github.com/mvdan/gofumpt/releases/download/v0.11.0/gofumpt_v0.11.0_darwin_arm64'
sha256 = '18936628f195369a80a129c73ee33d23e39086286dab538781ba826effc7e10b'

[package.platform.linux-arm64-glibc]
strategy = 'artifact'
url = 'https://github.com/mvdan/gofumpt/releases/download/v0.11.0/gofumpt_v0.11.0_linux_arm64'
sha256 = '9272c2d1738acc1acae33793419e74c69653e70fe56bec4ad9044b12b54715e5'

[[package]]
name = 'goimports'
ref = './.oku/goimports.toml'
manifest_sha256 = '0c2d66faed244f474130ad63745fb490f7cfc122686177f15b9af59ae52f2412'
version = '0.44.0'
tag = 'v0.44.0'

[package.platform]
[package.platform.darwin-arm64]
strategy = 'build'

[package.platform.linux-arm64-glibc]
strategy = 'build'
vendor_sha256 = '9e501033a9189ba2859cfd4d8dbfede3ba669050fede6736141757a85789a744'

[[package.dep]]
name = 'go'
ref = './.oku/go.toml'
manifest_sha256 = '850dfc0af428be9b5da144c08de9d6c247b2bd41a401c160d99a076a8ce62691'
version = '1.26.6'
tag = 'go1.26.6'

[package.dep.platform]
[package.dep.platform.darwin-arm64]
strategy = 'artifact'
url = 'https://dl.google.com/go/go1.26.6.darwin-arm64.tar.gz'
sha256 = '2dc95ce4675829f2df0e86b28bcef3283635902062a5f0580ca659bf570f3204'

[package.dep.platform.linux-arm64-glibc]
strategy = 'artifact'
url = 'https://dl.google.com/go/go1.26.6.linux-arm64.tar.gz'
sha256 = 'd0507e9e9d7fe012aae570108cbd76c15de879e17130ab8cb90d4d7445cb1f2e'

[[package]]
name = 'golangci-lint'
ref = 'github:golangci/golangci-lint'
commit = '30600b6801d6a172739e69b746ec602a55a6e396'
manifest_sha256 = 'dd47c50fce23d60b43a5996f07be2f7f71a81efc49fcb49aaad3bbf9aace8ef8'
version = '2.12.2'
tag = 'v2.12.2'
inferred = true
manifest = "[package]\nname = \"golangci-lint\"\nhomepage = \"https://github.com/golangci/golangci-lint\"\n\n[version]\nfrom = \"github-releases\"\nrepo = \"golangci/golangci-lint\"\nstrip_prefix = \"v\"\n\n[[artifact]]\nmatch = { os = \"linux\", arch = \"amd64\" }\nurl = \"https://github.com/golangci/golangci-lint/releases/download/{{tag}}/golangci-lint-{{version}}-linux-amd64.tar.gz\"\nsha256_url = \"https://github.com/golangci/golangci-lint/releases/download/{{tag}}/golangci-lint-{{version}}-checksums.txt\"\nstrip = 1\nbin = [\"golangci-lint\"]\n\n[[artifact]]\nmatch = { os = \"darwin\", arch = \"amd64\" }\nurl = \"https://github.com/golangci/golangci-lint/releases/download/{{tag}}/golangci-lint-{{version}}-darwin-amd64.tar.gz\"\nsha256_url = \"https://github.com/golangci/golangci-lint/releases/download/{{tag}}/golangci-lint-{{version}}-checksums.txt\"\nstrip = 1\nbin = [\"golangci-lint\"]\n\n[[artifact]]\nmatch = { os = \"windows\", arch = \"amd64\" }\nurl = \"https://github.com/golangci/golangci-lint/releases/download/{{tag}}/golangci-lint-{{version}}-windows-amd64.zip\"\nsha256_url = \"https://github.com/golangci/golangci-lint/releases/download/{{tag}}/golangci-lint-{{version}}-checksums.txt\"\nstrip = 1\nbin = [\"golangci-lint.exe\"]\n\n[[artifact]]\nmatch = { os = \"linux\", arch = \"arm64\" }\nurl = \"https://github.com/golangci/golangci-lint/releases/download/{{tag}}/golangci-lint-{{version}}-linux-arm64.tar.gz\"\nsha256_url = \"https://github.com/golangci/golangci-lint/releases/download/{{tag}}/golangci-lint-{{version}}-checksums.txt\"\nstrip = 1\nbin = [\"golangci-lint\"]\n\n[[artifact]]\nmatch = { os = \"darwin\", arch = \"arm64\" }\nurl = \"https://github.com/golangci/golangci-lint/releases/download/{{tag}}/golangci-lint-{{version}}-darwin-arm64.tar.gz\"\nsha256_url = \"https://github.com/golangci/golangci-lint/releases/download/{{tag}}/golangci-lint-{{version}}-checksums.txt\"\nstrip = 1\nbin = [\"golangci-lint\"]\n\n[[artifact]]\nmatch = { os = \"windows\", arch = \"arm64\" }\nurl = \"https://github.com/golangci/golangci-lint/releases/download/{{tag}}/golangci-lint-{{version}}-windows-arm64.zip\"\nsha256_url = \"https://github.com/golangci/golangci-lint/releases/download/{{tag}}/golangci-lint-{{version}}-checksums.txt\"\nstrip = 1\nbin = [\"golangci-lint.exe\"]\n\n[[artifact]]\nmatch = { os = \"linux\", arch = \"386\" }\nurl = \"https://github.com/golangci/golangci-lint/releases/download/{{tag}}/golangci-lint-{{version}}-linux-386.tar.gz\"\nsha256_url = \"https://github.com/golangci/golangci-lint/releases/download/{{tag}}/golangci-lint-{{version}}-checksums.txt\"\nstrip = 1\nbin = [\"golangci-lint\"]\n\n[[artifact]]\nmatch = { os = \"windows\", arch = \"386\" }\nurl = \"https://github.com/golangci/golangci-lint/releases/download/{{tag}}/golangci-lint-{{version}}-windows-386.zip\"\nsha256_url = \"https://github.com/golangci/golangci-lint/releases/download/{{tag}}/golangci-lint-{{version}}-checksums.txt\"\nstrip = 1\nbin = [\"golangci-lint.exe\"]\n\n[[artifact]]\nmatch = { os = \"linux\", arch = \"arm\" }\nurl = \"https://github.com/golangci/golangci-lint/releases/download/{{tag}}/golangci-lint-{{version}}-linux-armv7.tar.gz\"\nsha256_url = \"https://github.com/golangci/golangci-lint/releases/download/{{tag}}/golangci-lint-{{version}}-checksums.txt\"\nstrip = 1\nbin = [\"golangci-lint\"]\n\n[[artifact]]\nmatch = { os = \"linux\", arch = \"riscv64\" }\nurl = \"https://github.com/golangci/golangci-lint/releases/download/{{tag}}/golangci-lint-{{version}}-linux-riscv64.tar.gz\"\nsha256_url = \"https://github.com/golangci/golangci-lint/releases/download/{{tag}}/golangci-lint-{{version}}-checksums.txt\"\nstrip = 1\nbin = [\"golangci-lint\"]\n"

[package.platform]
[package.platform.darwin-arm64]
strategy = 'artifact'
url = 'https://github.com/golangci/golangci-lint/releases/download/v2.12.2/golangci-lint-2.12.2-darwin-arm64.tar.gz'
sha256 = 'a9c54498731b3128f79e090be6110f3e5fffccc617b08142ed244d4126c73f29'

[package.platform.linux-arm64-glibc]
strategy = 'artifact'
url = 'https://github.com/golangci/golangci-lint/releases/download/v2.12.2/golangci-lint-2.12.2-linux-arm64.tar.gz'
sha256 = '44cd40a8c76c86755375adfeea52cfd3533cb43d7bd647771e0ae065e166df3a'

[[package]]
name = 'golangci-lint-langserver'
ref = 'github:nametake/golangci-lint-langserver'
commit = '1c94317d7b8436cd2d4eb44212ceac7fd8949234'
manifest_sha256 = '6e8fa38d9760d7e4512e6641e8d550504c57b38e0b767ba3e9da05deb562f096'
version = '0.0.12'
tag = 'v0.0.12'
inferred = true
manifest = "[package]\nname = \"golangci-lint-langserver\"\nhomepage = \"https://github.com/nametake/golangci-lint-langserver\"\n\n[version]\nfrom = \"github-releases\"\nrepo = \"nametake/golangci-lint-langserver\"\nstrip_prefix = \"v\"\n\n[[artifact]]\nmatch = { os = \"linux\", arch = \"amd64\" }\nurl = \"https://github.com/nametake/golangci-lint-langserver/releases/download/{{tag}}/golangci-lint-langserver_Linux_x86_64.tar.gz\"\nsha256_url = \"https://github.com/nametake/golangci-lint-langserver/releases/download/{{tag}}/golangci-lint-langserver_{{version}}_checksums.txt\"\nbin = [\"golangci-lint-langserver\"]\n\n[[artifact]]\nmatch = { os = \"darwin\", arch = \"amd64\" }\nurl = \"https://github.com/nametake/golangci-lint-langserver/releases/download/{{tag}}/golangci-lint-langserver_Darwin_x86_64.tar.gz\"\nsha256_url = \"https://github.com/nametake/golangci-lint-langserver/releases/download/{{tag}}/golangci-lint-langserver_{{version}}_checksums.txt\"\nbin = [\"golangci-lint-langserver\"]\n\n[[artifact]]\nmatch = { os = \"windows\", arch = \"amd64\" }\nurl = \"https://github.com/nametake/golangci-lint-langserver/releases/download/{{tag}}/golangci-lint-langserver_Windows_x86_64.zip\"\nsha256_url = \"https://github.com/nametake/golangci-lint-langserver/releases/download/{{tag}}/golangci-lint-langserver_{{version}}_checksums.txt\"\nbin = [\"golangci-lint-langserver.exe\"]\n\n[[artifact]]\nmatch = { os = \"linux\", arch = \"arm64\" }\nurl = \"https://github.com/nametake/golangci-lint-langserver/releases/download/{{tag}}/golangci-lint-langserver_Linux_arm64.tar.gz\"\nsha256_url = \"https://github.com/nametake/golangci-lint-langserver/releases/download/{{tag}}/golangci-lint-langserver_{{version}}_checksums.txt\"\nbin = [\"golangci-lint-langserver\"]\n\n[[artifact]]\nmatch = { os = \"darwin\", arch = \"arm64\" }\nurl = \"https://github.com/nametake/golangci-lint-langserver/releases/download/{{tag}}/golangci-lint-langserver_Darwin_arm64.tar.gz\"\nsha256_url = \"https://github.com/nametake/golangci-lint-langserver/releases/download/{{tag}}/golangci-lint-langserver_{{version}}_checksums.txt\"\nbin = [\"golangci-lint-langserver\"]\n\n[[artifact]]\nmatch = { os = \"windows\", arch = \"arm64\" }\nurl = \"https://github.com/nametake/golangci-lint-langserver/releases/download/{{tag}}/golangci-lint-langserver_Windows_arm64.zip\"\nsha256_url = \"https://github.com/nametake/golangci-lint-langserver/releases/download/{{tag}}/golangci-lint-langserver_{{version}}_checksums.txt\"\nbin = [\"golangci-lint-langserver.exe\"]\n\n[[artifact]]\nmatch = { os = \"linux\", arch = \"386\" }\nurl = \"https://github.com/nametake/golangci-lint-langserver/releases/download/{{tag}}/golangci-lint-langserver_Linux_i386.tar.gz\"\nsha256_url = \"https://github.com/nametake/golangci-lint-langserver/releases/download/{{tag}}/golangci-lint-langserver_{{version}}_checksums.txt\"\nbin = [\"golangci-lint-langserver\"]\n\n[[artifact]]\nmatch = { os = \"windows\", arch = \"386\" }\nurl = \"https://github.com/nametake/golangci-lint-langserver/releases/download/{{tag}}/golangci-lint-langserver_Windows_i386.zip\"\nsha256_url = \"https://github.com/nametake/golangci-lint-langserver/releases/download/{{tag}}/golangci-lint-langserver_{{version}}_checksums.txt\"\nbin = [\"golangci-lint-langserver.exe\"]\n"

[package.platform]
[package.platform.darwin-arm64]
strategy = 'artifact'
url = 'https://github.com/nametake/golangci-lint-langserver/releases/download/v0.0.12/golangci-lint-langserver_Darwin_arm64.tar.gz'
sha256 = 'e630712320bcc1c75a1584f2b46a5c7ee7b15e603bb180b8b42c2932302d2a95'

[package.platform.linux-arm64-glibc]
strategy = 'artifact'
url = 'https://github.com/nametake/golangci-lint-langserver/releases/download/v0.0.12/golangci-lint-langserver_Linux_arm64.tar.gz'
sha256 = '4b1b582213978803bb215a36c88c2fbbd14e26bf15e0377c74f04dbe424c1063'

[[package]]
name = 'golines'
ref = 'github:golangci/golines'
commit = '127b1d8969e11cb3f25c81514849e01635e6f1bd'
manifest_sha256 = '27cd63738d9cb9fc9c9d922e81a14cf9c194d90efdf7e93fdb5da2db39a1122d'
version = '0.15.0'
tag = 'v0.15.0'
inferred = true
manifest = "[package]\nname = \"golines\"\nhomepage = \"https://github.com/golangci/golines\"\n\n[version]\nfrom = \"github-releases\"\nrepo = \"golangci/golines\"\nstrip_prefix = \"v\"\n\n[[artifact]]\nmatch = { os = \"linux\", arch = \"amd64\" }\nurl = \"https://github.com/golangci/golines/releases/download/{{tag}}/golines-{{version}}-linux-amd64.tar.gz\"\nsha256_url = \"https://github.com/golangci/golines/releases/download/{{tag}}/golines_{{version}}_checksums.txt\"\nstrip = 1\nbin = [\"golines\"]\n\n[[artifact]]\nmatch = { os = \"darwin\", arch = \"amd64\" }\nurl = \"https://github.com/golangci/golines/releases/download/{{tag}}/golines-{{version}}-darwin-all.tar.gz\"\nsha256_url = \"https://github.com/golangci/golines/releases/download/{{tag}}/golines_{{version}}_checksums.txt\"\nstrip = 1\nbin = [\"golines\"]\n\n[[artifact]]\nmatch = { os = \"windows\", arch = \"amd64\" }\nurl = \"https://github.com/golangci/golines/releases/download/{{tag}}/golines-{{version}}-windows-amd64.zip\"\nsha256_url = \"https://github.com/golangci/golines/releases/download/{{tag}}/golines_{{version}}_checksums.txt\"\nstrip = 1\nbin = [\"golines.exe\"]\n\n[[artifact]]\nmatch = { os = \"linux\", arch = \"arm64\" }\nurl = \"https://github.com/golangci/golines/releases/download/{{tag}}/golines-{{version}}-linux-arm64.tar.gz\"\nsha256_url = \"https://github.com/golangci/golines/releases/download/{{tag}}/golines_{{version}}_checksums.txt\"\nstrip = 1\nbin = [\"golines\"]\n\n[[artifact]]\nmatch = { os = \"darwin\", arch = \"arm64\" }\nurl = \"https://github.com/golangci/golines/releases/download/{{tag}}/golines-{{version}}-darwin-all.tar.gz\"\nsha256_url = \"https://github.com/golangci/golines/releases/download/{{tag}}/golines_{{version}}_checksums.txt\"\nstrip = 1\nbin = [\"golines\"]\n\n[[artifact]]\nmatch = { os = \"windows\", arch = \"arm64\" }\nurl = \"https://github.com/golangci/golines/releases/download/{{tag}}/golines-{{version}}-windows-arm64.zip\"\nsha256_url = \"https://github.com/golangci/golines/releases/download/{{tag}}/golines_{{version}}_checksums.txt\"\nstrip = 1\nbin = [\"golines.exe\"]\n"

[package.platform]
[package.platform.darwin-arm64]
strategy = 'artifact'
url = 'https://github.com/golangci/golines/releases/download/v0.15.0/golines-0.15.0-darwin-all.tar.gz'
sha256 = 'ec0d1b2298552695eeac87cbcbe1dd9d533a4a986a5af791a7486b0ddb65e525'

[package.platform.linux-arm64-glibc]
strategy = 'artifact'
url = 'https://github.com/golangci/golines/releases/download/v0.15.0/golines-0.15.0-linux-arm64.tar.gz'
sha256 = 'bfc1f7fde010a8213392d0d8743573dcecaa968014e83ba32657a9032ce9e9e9'

[[package]]
name = 'gopls'
ref = './.oku/gopls.toml'
manifest_sha256 = '0798edd0b1349a8cfef6c4a5e79cd1ea7ff5ae92dd6d895b6f6efb3cd84e7798'
version = '0.23.0'
tag = 'gopls/v0.23.0'

[package.platform]
[package.platform.darwin-arm64]
strategy = 'build'

[package.platform.linux-arm64-glibc]
strategy = 'build'
impure = true

[[package.dep]]
name = 'go'
ref = './.oku/go.toml'
manifest_sha256 = '850dfc0af428be9b5da144c08de9d6c247b2bd41a401c160d99a076a8ce62691'
version = '1.26.6'
tag = 'go1.26.6'

[package.dep.platform]
[package.dep.platform.darwin-arm64]
strategy = 'artifact'
url = 'https://dl.google.com/go/go1.26.6.darwin-arm64.tar.gz'
sha256 = '2dc95ce4675829f2df0e86b28bcef3283635902062a5f0580ca659bf570f3204'

[package.dep.platform.linux-arm64-glibc]
strategy = 'artifact'
url = 'https://dl.google.com/go/go1.26.6.linux-arm64.tar.gz'
sha256 = 'd0507e9e9d7fe012aae570108cbd76c15de879e17130ab8cb90d4d7445cb1f2e'

[[package]]
name = 'just'
ref = 'github:casey/just'
commit = '5969e396f4e5c98b64a5df929e3ee67629295d6e'
manifest_sha256 = 'f71bb4bafe9639606975914ac466b437986a8421d7588694d5b91b0d26626eae'
version = '1.58.0'
inferred = true
manifest = "[package]\nname = \"just\"\nhomepage = \"https://github.com/casey/just\"\n\n[version]\nfrom = \"github-releases\"\nrepo = \"casey/just\"\n\n[[artifact]]\nmatch = { os = \"linux\", arch = \"amd64\" }\nurl = \"https://github.com/casey/just/releases/download/{{tag}}/just-{{tag}}-x86_64-unknown-linux-musl.tar.gz\"\nsha256_url = \"https://github.com/casey/just/releases/download/{{tag}}/SHA256SUMS\"\nbin = [\"just\"]\nman = [\"just.1\"]\n\n[[artifact]]\nmatch = { os = \"darwin\", arch = \"amd64\" }\nurl = \"https://github.com/casey/just/releases/download/{{tag}}/just-{{tag}}-x86_64-apple-darwin.tar.gz\"\nsha256_url = \"https://github.com/casey/just/releases/download/{{tag}}/SHA256SUMS\"\nbin = [\"just\"]\nman = [\"just.1\"]\n\n[[artifact]]\nmatch = { os = \"windows\", arch = \"amd64\" }\nurl = \"https://github.com/casey/just/releases/download/{{tag}}/just-{{tag}}-x86_64-pc-windows-msvc.zip\"\nsha256_url = \"https://github.com/casey/just/releases/download/{{tag}}/SHA256SUMS\"\nbin = [\"just.exe\"]\nman = [\"just.1\"]\n\n[[artifact]]\nmatch = { os = \"linux\", arch = \"arm64\" }\nurl = \"https://github.com/casey/just/releases/download/{{tag}}/just-{{tag}}-aarch64-unknown-linux-musl.tar.gz\"\nsha256_url = \"https://github.com/casey/just/releases/download/{{tag}}/SHA256SUMS\"\nbin = [\"just\"]\nman = [\"just.1\"]\n\n[[artifact]]\nmatch = { os = \"darwin\", arch = \"arm64\" }\nurl = \"https://github.com/casey/just/releases/download/{{tag}}/just-{{tag}}-aarch64-apple-darwin.tar.gz\"\nsha256_url = \"https://github.com/casey/just/releases/download/{{tag}}/SHA256SUMS\"\nbin = [\"just\"]\nman = [\"just.1\"]\n\n[[artifact]]\nmatch = { os = \"windows\", arch = \"arm64\" }\nurl = \"https://github.com/casey/just/releases/download/{{tag}}/just-{{tag}}-aarch64-pc-windows-msvc.zip\"\nsha256_url = \"https://github.com/casey/just/releases/download/{{tag}}/SHA256SUMS\"\nbin = [\"just.exe\"]\nman = [\"just.1\"]\n\n[[artifact]]\nmatch = { os = \"linux\", arch = \"arm\" }\nurl = \"https://github.com/casey/just/releases/download/{{tag}}/just-{{tag}}-arm-unknown-linux-musleabihf.tar.gz\"\nsha256_url = \"https://github.com/casey/just/releases/download/{{tag}}/SHA256SUMS\"\nbin = [\"just\"]\nman = [\"just.1\"]\n"

[package.platform]
[package.platform.darwin-arm64]
strategy = 'artifact'
url = 'https://github.com/casey/just/releases/download/1.58.0/just-1.58.0-aarch64-apple-darwin.tar.gz'
sha256 = '50ae3e996c974a0bf32ea7d10f495070df33f1b43e0616b2769e3d4821ed8f48'

[package.platform.linux-arm64-glibc]
strategy = 'artifact'
url = 'https://github.com/casey/just/releases/download/1.58.0/just-1.58.0-aarch64-unknown-linux-musl.tar.gz'
sha256 = '748237128c4c40cbdabc65e841d05ceba13cc23a91eaba395495894c1d9764df'

[[package]]
name = 'just-lsp'
ref = 'github:terror/just-lsp'
commit = '6ed78e5ad49a098f80a34dac4f8d2d70e1aa4dbf'
manifest_sha256 = '38267ee09ef0c139ab95cc264b80d3b5a34a977d59d333af39fb959326a4f892'
version = '0.6.2'
inferred = true
manifest = "[package]\nname = \"just-lsp\"\nhomepage = \"https://github.com/terror/just-lsp\"\n\n[version]\nfrom = \"github-releases\"\nrepo = \"terror/just-lsp\"\n\n[[artifact]]\nmatch = { os = \"linux\", arch = \"amd64\", libc = \"glibc\" }\nurl = \"https://github.com/terror/just-lsp/releases/download/{{tag}}/just-lsp-{{tag}}-x86_64-unknown-linux-gnu.tar.gz\"\nsha256_url = \"https://github.com/terror/just-lsp/releases/download/{{tag}}/SHA256SUMS\"\nbin = [\"just-lsp\"]\n\n[[artifact]]\nmatch = { os = \"linux\", arch = \"amd64\" }\nurl = \"https://github.com/terror/just-lsp/releases/download/{{tag}}/just-lsp-{{tag}}-x86_64-unknown-linux-musl.tar.gz\"\nsha256_url = \"https://github.com/terror/just-lsp/releases/download/{{tag}}/SHA256SUMS\"\nbin = [\"just-lsp\"]\n\n[[artifact]]\nmatch = { os = \"darwin\", arch = \"amd64\" }\nurl = \"https://github.com/terror/just-lsp/releases/download/{{tag}}/just-lsp-{{tag}}-x86_64-apple-darwin.tar.gz\"\nsha256_url = \"https://github.com/terror/just-lsp/releases/download/{{tag}}/SHA256SUMS\"\nbin = [\"just-lsp\"]\n\n[[artifact]]\nmatch = { os = \"windows\", arch = \"amd64\" }\nurl = \"https://github.com/terror/just-lsp/releases/download/{{tag}}/just-lsp-{{tag}}-x86_64-pc-windows-msvc.zip\"\nsha256_url = \"https://github.com/terror/just-lsp/releases/download/{{tag}}/SHA256SUMS\"\nbin = [\"just-lsp.exe\"]\n\n[[artifact]]\nmatch = { os = \"linux\", arch = \"arm64\", libc = \"glibc\" }\nurl = \"https://github.com/terror/just-lsp/releases/download/{{tag}}/just-lsp-{{tag}}-aarch64-unknown-linux-gnu.tar.gz\"\nsha256_url = \"https://github.com/terror/just-lsp/releases/download/{{tag}}/SHA256SUMS\"\nbin = [\"just-lsp\"]\n\n[[artifact]]\nmatch = { os = \"linux\", arch = \"arm64\" }\nurl = \"https://github.com/terror/just-lsp/releases/download/{{tag}}/just-lsp-{{tag}}-aarch64-unknown-linux-musl.tar.gz\"\nsha256_url = \"https://github.com/terror/just-lsp/releases/download/{{tag}}/SHA256SUMS\"\nbin = [\"just-lsp\"]\n\n[[artifact]]\nmatch = { os = \"darwin\", arch = \"arm64\" }\nurl = \"https://github.com/terror/just-lsp/releases/download/{{tag}}/just-lsp-{{tag}}-aarch64-apple-darwin.tar.gz\"\nsha256_url = \"https://github.com/terror/just-lsp/releases/download/{{tag}}/SHA256SUMS\"\nbin = [\"just-lsp\"]\n\n[[artifact]]\nmatch = { os = \"windows\", arch = \"arm64\" }\nurl = \"https://github.com/terror/just-lsp/releases/download/{{tag}}/just-lsp-{{tag}}-aarch64-pc-windows-msvc.zip\"\nsha256_url = \"https://github.com/terror/just-lsp/releases/download/{{tag}}/SHA256SUMS\"\nbin = [\"just-lsp.exe\"]\n\n[[artifact]]\nmatch = { os = \"linux\", arch = \"arm\" }\nurl = \"https://github.com/terror/just-lsp/releases/download/{{tag}}/just-lsp-{{tag}}-arm-unknown-linux-gnueabihf.tar.gz\"\nsha256_url = \"https://github.com/terror/just-lsp/releases/download/{{tag}}/SHA256SUMS\"\nbin = [\"just-lsp\"]\n"

[package.platform]
[package.platform.darwin-arm64]
strategy = 'artifact'
url = 'https://github.com/terror/just-lsp/releases/download/0.6.2/just-lsp-0.6.2-aarch64-apple-darwin.tar.gz'
sha256 = 'cd519a690de4919a205258f696139bbc2668256e3c1ff25dc1e938381ff60d3d'

[package.platform.linux-arm64-glibc]
strategy = 'artifact'
url = 'https://github.com/terror/just-lsp/releases/download/0.6.2/just-lsp-0.6.2-aarch64-unknown-linux-gnu.tar.gz'
sha256 = '995c60ec86f71abd0dd12e847261f817fb2435cfcd88f1639ec7744b09ee9101'
